
Microsoft Visual Studio Solution File, Format Version 12.00
# Visual Studio 15
VisualStudioVersion = 15.0.26403.3
MinimumVisualStudioVersion = 10.0.40219.1
Project("{FAE04EC0-301F-11D3-BF4B-00C04F79EFBC}") = "Dark Toolbox", "Dark Toolbox\Dark Toolbox.csproj", "{29F8E79B-938F-4B4D-A34F-17221F85FC4E}"
EndProject
Global
	GlobalSection(SolutionConfigurationPlatforms) = preSolution
		Debug|Any CPU = Debug|Any CPU
		Release|Any CPU = Release|Any CPU
	EndGlobalSection
	GlobalSection(ProjectConfigurationPlatforms) = postSolution
		{29F8E79B-938F-4B4D-A34F-17221F85FC4E}.Debug|Any CPU.ActiveCfg = Debug|Any CPU
		{29F8E79B-938F-4B4D-A34F-17221F85FC4E}.Debug|Any CPU.Build.0 = Debug|Any CPU
		{29F8E79B-938F-4B4D-A34F-17221F85FC4E}.Release|Any CPU.ActiveCfg = Release|Any CPU
		{29F8E79B-938F-4B4D-A34F-17221F85FC4E}.Release|Any CPU.Build.0 = Release|Any CPU
	EndGlobalSection
	GlobalSection(SolutionProperties) = preSolution
		HideSolutionNode = FALSE
	EndGlobalSection
	GlobalSection(ExtensibilityGlobals) = postSolution
		SolutionGuid = {20F11537-1003-43C6-8F6D-B92EE100C031}
	EndGlobalSection
EndGlobal
